
Microsoft Visual Studio Solution File, Format Version 12.00
# Visual Studio Version 17
VisualStudioVersion = 17.5.33424.131
MinimumVisualStudioVersion = 10.0.40219.1
Project("{9A19103F-16F7-4668-BE54-9A1E7A4F7556}") = "DomraSinForms.ChartsWrapper", "DomraSinForms.ChartsWrapper\DomraSinForms.ChartsWrapper.csproj", "{6530CF9E-096C-4EEB-8F92-7B78246FFF11}"
EndProject
Project("{FAE04EC0-301F-11D3-BF4B-00C04F79EFBC}") = "DomraSin.Server", "DomraSin.Server\DomraSin.Server.csproj", "{54CE1A1F-095A-49FB-AF61-D2A1C5CEB02D}"
EndProject
Project("{FAE04EC0-301F-11D3-BF4B-00C04F79EFBC}") = "DomraSin.Client", "DomraSin.Client\DomraSin.Client.csproj", "{6B537DBA-8EF5-43F4-BC6E-538E11BCEB1A}"
EndProject
Project("{FAE04EC0-301F-11D3-BF4B-00C04F79EFBC}") = "DomraSin.Domain", "DomraSin.Domain\DomraSin.Domain.csproj", "{E28912AC-0324-4FCC-9C0B-401D4472794F}"
EndProject
Project("{FAE04EC0-301F-11D3-BF4B-00C04F79EFBC}") = "DomraSin.Persistance", "DomraSin.Persistance\DomraSin.Persistance.csproj", "{853850AD-97F0-4591-9991-9D4790B59516}"
EndProject
Project("{FAE04EC0-301F-11D3-BF4B-00C04F79EFBC}") = "DomraSin.Application", "DomraSin.Application\DomraSin.Application.csproj", "{CCEA8E0D-8617-4ADA-AB2F-5DE1D3C39C7D}"
EndProject
Global
	GlobalSection(SolutionConfigurationPlatforms) = preSolution
		Debug|Any CPU = Debug|Any CPU
		Release|Any CPU = Release|Any CPU
	EndGlobalSection
	GlobalSection(ProjectConfigurationPlatforms) = postSolution
		{6530CF9E-096C-4EEB-8F92-7B78246FFF11}.Debug|Any CPU.ActiveCfg = Debug|Any CPU
		{6530CF9E-096C-4EEB-8F92-7B78246FFF11}.Debug|Any CPU.Build.0 = Debug|Any CPU
		{6530CF9E-096C-4EEB-8F92-7B78246FFF11}.Release|Any CPU.ActiveCfg = Release|Any CPU
		{6530CF9E-096C-4EEB-8F92-7B78246FFF11}.Release|Any CPU.Build.0 = Release|Any CPU
		{54CE1A1F-095A-49FB-AF61-D2A1C5CEB02D}.Debug|Any CPU.ActiveCfg = Debug|Any CPU
		{54CE1A1F-095A-49FB-AF61-D2A1C5CEB02D}.Debug|Any CPU.Build.0 = Debug|Any CPU
		{54CE1A1F-095A-49FB-AF61-D2A1C5CEB02D}.Release|Any CPU.ActiveCfg = Release|Any CPU
		{54CE1A1F-095A-49FB-AF61-D2A1C5CEB02D}.Release|Any CPU.Build.0 = Release|Any CPU
		{6B537DBA-8EF5-43F4-BC6E-538E11BCEB1A}.Debug|Any CPU.ActiveCfg = Debug|Any CPU
		{6B537DBA-8EF5-43F4-BC6E-538E11BCEB1A}.Debug|Any CPU.Build.0 = Debug|Any CPU
		{6B537DBA-8EF5-43F4-BC6E-538E11BCEB1A}.Release|Any CPU.ActiveCfg = Release|Any CPU
		{6B537DBA-8EF5-43F4-BC6E-538E11BCEB1A}.Release|Any CPU.Build.0 = Release|Any CPU
		{E28912AC-0324-4FCC-9C0B-401D4472794F}.Debug|Any CPU.ActiveCfg = Debug|Any CPU
		{E28912AC-0324-4FCC-9C0B-401D4472794F}.Debug|Any CPU.Build.0 = Debug|Any CPU
		{E28912AC-0324-4FCC-9C0B-401D4472794F}.Release|Any CPU.ActiveCfg = Release|Any CPU
		{E28912AC-0324-4FCC-9C0B-401D4472794F}.Release|Any CPU.Build.0 = Release|Any CPU
		{853850AD-97F0-4591-9991-9D4790B59516}.Debug|Any CPU.ActiveCfg = Debug|Any CPU
		{853850AD-97F0-4591-9991-9D4790B59516}.Debug|Any CPU.Build.0 = Debug|Any CPU
		{853850AD-97F0-4591-9991-9D4790B59516}.Release|Any CPU.ActiveCfg = Release|Any CPU
		{853850AD-97F0-4591-9991-9D4790B59516}.Release|Any CPU.Build.0 = Release|Any CPU
		{CCEA8E0D-8617-4ADA-AB2F-5DE1D3C39C7D}.Debug|Any CPU.ActiveCfg = Debug|Any CPU
		{CCEA8E0D-8617-4ADA-AB2F-5DE1D3C39C7D}.Debug|Any CPU.Build.0 = Debug|Any CPU
		{CCEA8E0D-8617-4ADA-AB2F-5DE1D3C39C7D}.Release|Any CPU.ActiveCfg = Release|Any CPU
		{CCEA8E0D-8617-4ADA-AB2F-5DE1D3C39C7D}.Release|Any CPU.Build.0 = Release|Any CPU
	EndGlobalSection
	GlobalSection(SolutionProperties) = preSolution
		HideSolutionNode = FALSE
	EndGlobalSection
	GlobalSection(ExtensibilityGlobals) = postSolution
		SolutionGuid = {55A30CDB-990F-4781-86C7-EE7605259476}
	EndGlobalSection
EndGlobal
